
Microsoft Visual Studio Solution File, Format Version 12.00
# Visual Studio Version 17
VisualStudioVersion = 17.4.33213.308
MinimumVisualStudioVersion = 10.0.40219.1
Project("{FAE04EC0-301F-11D3-BF4B-00C04F79EFBC}") = "RecogUI", "RecogUI.csproj", "{39355FF7-8B9D-4AC4-999F-E02EDAA8B90A}"
EndProject
Global
	GlobalSection(SolutionConfigurationPlatforms) = preSolution
		Debug|Any CPU = Debug|Any CPU
		Release|Any CPU = Release|Any CPU
	EndGlobalSection
	GlobalSection(ProjectConfigurationPlatforms) = postSolution
		{39355FF7-8B9D-4AC4-999F-E02EDAA8B90A}.Debug|Any CPU.ActiveCfg = Debug|Any CPU
		{39355FF7-8B9D-4AC4-999F-E02EDAA8B90A}.Debug|Any CPU.Build.0 = Debug|Any CPU
		{39355FF7-8B9D-4AC4-999F-E02EDAA8B90A}.Release|Any CPU.ActiveCfg = Release|Any CPU
		{39355FF7-8B9D-4AC4-999F-E02EDAA8B90A}.Release|Any CPU.Build.0 = Release|Any CPU
	EndGlobalSection
	GlobalSection(SolutionProperties) = preSolution
		HideSolutionNode = FALSE
	EndGlobalSection
	GlobalSection(ExtensibilityGlobals) = postSolution
		SolutionGuid = {9D1AF5E0-AC6D-4680-B36D-F56545EDADB4}
	EndGlobalSection
EndGlobal
